// !$*UTF8*$!
{
	archiveVersion = 1;
	classes = {
	};
	objectVersion = 56;
	objects = {

/* Begin PBXBuildFile section */
		18B5D6D2C5532CA9A78B0D66 /* Pods_GitHubSearch_reactorkit_demo.framework in Frameworks */ = {isa = PBXBuildFile; fileRef = 620027EFA7C83A9150F169C7 /* Pods_GitHubSearch_reactorkit_demo.framework */; };
		81FE32357ED0AD3AC4DD4D5E /* Pods_GitHubSearch_reactorkit_demoTests.framework in Frameworks */ = {isa = PBXBuildFile; fileRef = 154784B033142EAD062DF9E5 /* Pods_GitHubSearch_reactorkit_demoTests.framework */; };
		BFE977032AA83067001A3883 /* AppDelegate.swift in Sources */ = {isa = PBXBuildFile; fileRef = BFE977022AA83067001A3883 /* AppDelegate.swift */; };
		BFE977052AA83067001A3883 /* SceneDelegate.swift in Sources */ = {isa = PBXBuildFile; fileRef = BFE977042AA83067001A3883 /* SceneDelegate.swift */; };
		BFE977072AA83067001A3883 /* ViewController.swift in Sources */ = {isa = PBXBuildFile; fileRef = BFE977062AA83067001A3883 /* ViewController.swift */; };
		BFE9770A2AA83067001A3883 /* Main.storyboard in Resources */ = {isa = PBXBuildFile; fileRef = BFE977082AA83067001A3883 /* Main.storyboard */; };
		BFE9770C2AA83068001A3883 /* Assets.xcassets in Resources */ = {isa = PBXBuildFile; fileRef = BFE9770B2AA83068001A3883 /* Assets.xcassets */; };
		BFE9770F2AA83068001A3883 /* LaunchScreen.storyboard in Resources */ = {isa = PBXBuildFile; fileRef = BFE9770D2AA83068001A3883 /* LaunchScreen.storyboard */; };
		BFE9771A2AA83069001A3883 /* GitHubSearch_reactorkit_demoTests.swift in Sources */ = {isa = PBXBuildFile; fileRef = BFE977192AA83069001A3883 /* GitHubSearch_reactorkit_demoTests.swift */; };
		BFE977242AA83069001A3883 /* GitHubSearch_reactorkit_demoUITests.swift in Sources */ = {isa = PBXBuildFile; fileRef = BFE977232AA83069001A3883 /* GitHubSearch_reactorkit_demoUITests.swift */; };
		BFE977262AA83069001A3883 /* GitHubSearch_reactorkit_demoUITestsLaunchTests.swift in Sources */ = {isa = PBXBuildFile; fileRef = BFE977252AA83069001A3883 /* GitHubSearch_reactorkit_demoUITestsLaunchTests.swift */; };
		EACEA49F32B0E2639EF2C917 /* Pods_GitHubSearch_reactorkit_demo_GitHubSearch_reactorkit_demoUITests.framework in Frameworks */ = {isa = PBXBuildFile; fileRef = F5EFE54DEC0A85265D03A1D0 /* Pods_GitHubSearch_reactorkit_demo_GitHubSearch_reactorkit_demoUITests.framework */; };
/* End PBXBuildFile section */

/* Begin PBXContainerItemProxy section */
		BFE977162AA83069001A3883 /* PBXContainerItemProxy */ = {
			isa = PBXContainerItemProxy;
			containerPortal = BFE976F72AA83067001A3883 /* Project object */;
			proxyType = 1;
			remoteGlobalIDString = BFE976FE2AA83067001A3883;
			remoteInfo = "GitHubSearch-reactorkit-demo";
		};
		BFE977202AA83069001A3883 /* PBXContainerItemProxy */ = {
			isa = PBXContainerItemProxy;
			containerPortal = BFE976F72AA83067001A3883 /* Project object */;
			proxyType = 1;
			remoteGlobalIDString = BFE976FE2AA83067001A3883;
			remoteInfo = "GitHubSearch-reactorkit-demo";
		};
/* End PBXContainerItemProxy section */

/* Begin PBXFileReference section */
		154784B033142EAD062DF9E5 /* Pods_GitHubSearch_reactorkit_demoTests.framework */ = {isa = PBXFileReference; explicitFileType = wrapper.framework; includeInIndex = 0; path = Pods_GitHubSearch_reactorkit_demoTests.framework; sourceTree = BUILT_PRODUCTS_DIR; };
		17401B26C90A900A33AA5A25 /* Pods-GitHubSearch-reactorkit-demo-GitHubSearch-reactorkit-demoUITests.release.xcconfig */ = {isa = PBXFileReference; includeInIndex = 1; lastKnownFileType = text.xcconfig; name = "Pods-GitHubSearch-reactorkit-demo-GitHubSearch-reactorkit-demoUITests.release.xcconfig"; path = "Target Support Files/Pods-GitHubSearch-reactorkit-demo-GitHubSearch-reactorkit-demoUITests/Pods-GitHubSearch-reactorkit-demo-GitHubSearch-reactorkit-demoUITests.release.xcconfig"; sourceTree = "<group>"; };
		1BB9BA5D23507DDE1CC6A977 /* Pods-GitHubSearch-reactorkit-demo.release.xcconfig */ = {isa = PBXFileReference; includeInIndex = 1; lastKnownFileType = text.xcconfig; name = "Pods-GitHubSearch-reactorkit-demo.release.xcconfig"; path = "Target Support Files/Pods-GitHubSearch-reactorkit-demo/Pods-GitHubSearch-reactorkit-demo.release.xcconfig"; sourceTree = "<group>"; };
		620027EFA7C83A9150F169C7 /* Pods_GitHubSearch_reactorkit_demo.framework */ = {isa = PBXFileReference; explicitFileType = wrapper.framework; includeInIndex = 0; path = Pods_GitHubSearch_reactorkit_demo.framework; sourceTree = BUILT_PRODUCTS_DIR; };
		683807C9C18BACEE4335AADB /* Pods-GitHubSearch-reactorkit-demoTests.release.xcconfig */ = {isa = PBXFileReference; includeInIndex = 1; lastKnownFileType = text.xcconfig; name = "Pods-GitHubSearch-reactorkit-demoTests.release.xcconfig"; path = "Target Support Files/Pods-GitHubSearch-reactorkit-demoTests/Pods-GitHubSearch-reactorkit-demoTests.release.xcconfig"; sourceTree = "<group>"; };
		69FFE3A030DD8522A0AA172E /* Pods-GitHubSearch-reactorkit-demo-GitHubSearch-reactorkit-demoUITests.debug.xcconfig */ = {isa = PBXFileReference; includeInIndex = 1; lastKnownFileType = text.xcconfig; name = "Pods-GitHubSearch-reactorkit-demo-GitHubSearch-reactorkit-demoUITests.debug.xcconfig"; path = "Target Support Files/Pods-GitHubSearch-reactorkit-demo-GitHubSearch-reactorkit-demoUITests/Pods-GitHubSearch-reactorkit-demo-GitHubSearch-reactorkit-demoUITests.debug.xcconfig"; sourceTree = "<group>"; };
		BFE976FF2AA83067001A3883 /* GitHubSearch-reactorkit-demo.app */ = {isa = PBXFileReference; explicitFileType = wrapper.application; includeInIndex = 0; path = "GitHubSearch-reactorkit-demo.app"; sourceTree = BUILT_PRODUCTS_DIR; };
		BFE977022AA83067001A3883 /* AppDelegate.swift */ = {isa = PBXFileReference; lastKnownFileType = sourcecode.swift; path = AppDelegate.swift; sourceTree = "<group>"; };
		BFE977042AA83067001A3883 /* SceneDelegate.swift */ = {isa = PBXFileReference; lastKnownFileType = sourcecode.swift; path = SceneDelegate.swift; sourceTree = "<group>"; };
		BFE977062AA83067001A3883 /* ViewController.swift */ = {isa = PBXFileReference; lastKnownFileType = sourcecode.swift; path = ViewController.swift; sourceTree = "<group>"; };
		BFE977092AA83067001A3883 /* Base */ = {isa = PBXFileReference; lastKnownFileType = file.storyboard; name = Base; path = Base.lproj/Main.storyboard; sourceTree = "<group>"; };
		BFE9770B2AA83068001A3883 /* Assets.xcassets */ = {isa = PBXFileReference; lastKnownFileType = folder.assetcatalog; path = Assets.xcassets; sourceTree = "<group>"; };
		BFE9770E2AA83068001A3883 /* Base */ = {isa = PBXFileReference; lastKnownFileType = file.storyboard; name = Base; path = Base.lproj/LaunchScreen.storyboard; sourceTree = "<group>"; };
		BFE977102AA83068001A3883 /* Info.plist */ = {isa = PBXFileReference; lastKnownFileType = text.plist.xml; path = Info.plist; sourceTree = "<group>"; };
		BFE977152AA83069001A3883 /* GitHubSearch-reactorkit-demoTests.xctest */ = {isa = PBXFileReference; explicitFileType = wrapper.cfbundle; includeInIndex = 0; path = "GitHubSearch-reactorkit-demoTests.xctest"; sourceTree = BUILT_PRODUCTS_DIR; };
		BFE977192AA83069001A3883 /* GitHubSearch_reactorkit_demoTests.swift */ = {isa = PBXFileReference; lastKnownFileType = sourcecode.swift; path = GitHubSearch_reactorkit_demoTests.swift; sourceTree = "<group>"; };
		BFE9771F2AA83069001A3883 /* GitHubSearch-reactorkit-demoUITests.xctest */ = {isa = PBXFileReference; explicitFileType = wrapper.cfbundle; includeInIndex = 0; path = "GitHubSearch-reactorkit-demoUITests.xctest"; sourceTree = BUILT_PRODUCTS_DIR; };
		BFE977232AA83069001A3883 /* GitHubSearch_reactorkit_demoUITests.swift */ = {isa = PBXFileReference; lastKnownFileType = sourcecode.swift; path = GitHubSearch_reactorkit_demoUITests.swift; sourceTree = "<group>"; };
		BFE977252AA83069001A3883 /* GitHubSearch_reactorkit_demoUITestsLaunchTests.swift */ = {isa = PBXFileReference; lastKnownFileType = sourcecode.swift; path = GitHubSearch_reactorkit_demoUITestsLaunchTests.swift; sourceTree = "<group>"; };
		C27DABBB7044F52CA6CC819E /* Pods-GitHubSearch-reactorkit-demoTests.debug.xcconfig */ = {isa = PBXFileReference; includeInIndex = 1; lastKnownFileType = text.xcconfig; name = "Pods-GitHubSearch-reactorkit-demoTests.debug.xcconfig"; path = "Target Support Files/Pods-GitHubSearch-reactorkit-demoTests/Pods-GitHubSearch-reactorkit-demoTests.debug.xcconfig"; sourceTree = "<group>"; };
		E61464CE866D0E622C83FC1C /* Pods-GitHubSearch-reactorkit-demo.debug.xcconfig */ = {isa = PBXFileReference; includeInIndex = 1; lastKnownFileType = text.xcconfig; name = "Pods-GitHubSearch-reactorkit-demo.debug.xcconfig"; path = "Target Support Files/Pods-GitHubSearch-reactorkit-demo/Pods-GitHubSearch-reactorkit-demo.debug.xcconfig"; sourceTree = "<group>"; };
		F5EFE54DEC0A85265D03A1D0 /* Pods_GitHubSearch_reactorkit_demo_GitHubSearch_reactorkit_demoUITests.framework */ = {isa = PBXFileReference; explicitFileType = wrapper.framework; includeInIndex = 0; path = Pods_GitHubSearch_reactorkit_demo_GitHubSearch_reactorkit_demoUITests.framework; sourceTree = BUILT_PRODUCTS_DIR; };
/* End PBXFileReference section */

/* Begin PBXFrameworksBuildPhase section */
		BFE976FC2AA83067001A3883 /* Frameworks */ = {
			isa = PBXFrameworksBuildPhase;
			buildActionMask = 2147483647;
			files = (
				18B5D6D2C5532CA9A78B0D66 /* Pods_GitHubSearch_reactorkit_demo.framework in Frameworks */,
			);
			runOnlyForDeploymentPostprocessing = 0;
		};
		BFE977122AA83069001A3883 /* Frameworks */ = {
			isa = PBXFrameworksBuildPhase;
			buildActionMask = 2147483647;
			files = (
				81FE32357ED0AD3AC4DD4D5E /* Pods_GitHubSearch_reactorkit_demoTests.framework in Frameworks */,
			);
			runOnlyForDeploymentPostprocessing = 0;
		};
		BFE9771C2AA83069001A3883 /* Frameworks */ = {
			isa = PBXFrameworksBuildPhase;
			buildActionMask = 2147483647;
			files = (
				EACEA49F32B0E2639EF2C917 /* Pods_GitHubSearch_reactorkit_demo_GitHubSearch_reactorkit_demoUITests.framework in Frameworks */,
			);
			runOnlyForDeploymentPostprocessing = 0;
		};
/* End PBXFrameworksBuildPhase section */

/* Begin PBXGroup section */
		1916E34FA1A1F2A5D76218CB /* Frameworks */ = {
			isa = PBXGroup;
			children = (
				620027EFA7C83A9150F169C7 /* Pods_GitHubSearch_reactorkit_demo.framework */,
				F5EFE54DEC0A85265D03A1D0 /* Pods_GitHubSearch_reactorkit_demo_GitHubSearch_reactorkit_demoUITests.framework */,
				154784B033142EAD062DF9E5 /* Pods_GitHubSearch_reactorkit_demoTests.framework */,
			);
			name = Frameworks;
			sourceTree = "<group>";
		};
		BFE976F62AA83067001A3883 = {
			isa = PBXGroup;
			children = (
				BFE977012AA83067001A3883 /* GitHubSearch-reactorkit-demo */,
				BFE977182AA83069001A3883 /* GitHubSearch-reactorkit-demoTests */,
				BFE977222AA83069001A3883 /* GitHubSearch-reactorkit-demoUITests */,
				BFE977002AA83067001A3883 /* Products */,
				C6D67FE165910DACE540F809 /* Pods */,
				1916E34FA1A1F2A5D76218CB /* Frameworks */,
			);
			sourceTree = "<group>";
		};
		BFE977002AA83067001A3883 /* Products */ = {
			isa = PBXGroup;
			children = (
				BFE976FF2AA83067001A3883 /* GitHubSearch-reactorkit-demo.app */,
				BFE977152AA83069001A3883 /* GitHubSearch-reactorkit-demoTests.xctest */,
				BFE9771F2AA83069001A3883 /* GitHubSearch-reactorkit-demoUITests.xctest */,
			);
			name = Products;
			sourceTree = "<group>";
		};
		BFE977012AA83067001A3883 /* GitHubSearch-reactorkit-demo */ = {
			isa = PBXGroup;
			children = (
				BFE977022AA83067001A3883 /* AppDelegate.swift */,
				BFE977042AA83067001A3883 /* SceneDelegate.swift */,
				BFE977062AA83067001A3883 /* ViewController.swift */,
				BFE977082AA83067001A3883 /* Main.storyboard */,
				BFE9770B2AA83068001A3883 /* Assets.xcassets */,
				BFE9770D2AA83068001A3883 /* LaunchScreen.storyboard */,
				BFE977102AA83068001A3883 /* Info.plist */,
			);
			path = "GitHubSearch-reactorkit-demo";
			sourceTree = "<group>";
		};
		BFE977182AA83069001A3883 /* GitHubSearch-reactorkit-demoTests */ = {
			isa = PBXGroup;
			children = (
				BFE977192AA83069001A3883 /* GitHubSearch_reactorkit_demoTests.swift */,
			);
			path = "GitHubSearch-reactorkit-demoTests";
			sourceTree = "<group>";
		};
		BFE977222AA83069001A3883 /* GitHubSearch-reactorkit-demoUITests */ = {
			isa = PBXGroup;
			children = (
				BFE977232AA83069001A3883 /* GitHubSearch_reactorkit_demoUITests.swift */,
				BFE977252AA83069001A3883 /* GitHubSearch_reactorkit_demoUITestsLaunchTests.swift */,
			);
			path = "GitHubSearch-reactorkit-demoUITests";
			sourceTree = "<group>";
		};
		C6D67FE165910DACE540F809 /* Pods */ = {
			isa = PBXGroup;
			children = (
				E61464CE866D0E622C83FC1C /* Pods-GitHubSearch-reactorkit-demo.debug.xcconfig */,
				1BB9BA5D23507DDE1CC6A977 /* Pods-GitHubSearch-reactorkit-demo.release.xcconfig */,
				69FFE3A030DD8522A0AA172E /* Pods-GitHubSearch-reactorkit-demo-GitHubSearch-reactorkit-demoUITests.debug.xcconfig */,
				17401B26C90A900A33AA5A25 /* Pods-GitHubSearch-reactorkit-demo-GitHubSearch-reactorkit-demoUITests.release.xcconfig */,
				C27DABBB7044F52CA6CC819E /* Pods-GitHubSearch-reactorkit-demoTests.debug.xcconfig */,
				683807C9C18BACEE4335AADB /* Pods-GitHubSearch-reactorkit-demoTests.release.xcconfig */,
			);
			path = Pods;
			sourceTree = "<group>";
		};
/* End PBXGroup section */

/* Begin PBXNativeTarget section */
		BFE976FE2AA83067001A3883 /* GitHubSearch-reactorkit-demo */ = {
			isa = PBXNativeTarget;
			buildConfigurationList = BFE977292AA83069001A3883 /* Build configuration list for PBXNativeTarget "GitHubSearch-reactorkit-demo" */;
			buildPhases = (
				ECE67F194D1DC148D74E6EC9 /* [CP] Check Pods Manifest.lock */,
				BFE976FB2AA83067001A3883 /* Sources */,
				BFE976FC2AA83067001A3883 /* Frameworks */,
				BFE976FD2AA83067001A3883 /* Resources */,
			);
			buildRules = (
			);
			dependencies = (
			);
			name = "GitHubSearch-reactorkit-demo";
			productName = "GitHubSearch-reactorkit-demo";
			productReference = BFE976FF2AA83067001A3883 /* GitHubSearch-reactorkit-demo.app */;
			productType = "com.apple.product-type.application";
		};
		BFE977142AA83069001A3883 /* GitHubSearch-reactorkit-demoTests */ = {
			isa = PBXNativeTarget;
			buildConfigurationList = BFE9772C2AA83069001A3883 /* Build configuration list for PBXNativeTarget "GitHubSearch-reactorkit-demoTests" */;
			buildPhases = (
				F7CB93CE2DFAA35802279F8C /* [CP] Check Pods Manifest.lock */,
				BFE977112AA83069001A3883 /* Sources */,
				BFE977122AA83069001A3883 /* Frameworks */,
				BFE977132AA83069001A3883 /* Resources */,
			);
			buildRules = (
			);
			dependencies = (
				BFE977172AA83069001A3883 /* PBXTargetDependency */,
			);
			name = "GitHubSearch-reactorkit-demoTests";
			productName = "GitHubSearch-reactorkit-demoTests";
			productReference = BFE977152AA83069001A3883 /* GitHubSearch-reactorkit-demoTests.xctest */;
			productType = "com.apple.product-type.bundle.unit-test";
		};
		BFE9771E2AA83069001A3883 /* GitHubSearch-reactorkit-demoUITests */ = {
			isa = PBXNativeTarget;
			buildConfigurationList = BFE9772F2AA83069001A3883 /* Build configuration list for PBXNativeTarget "GitHubSearch-reactorkit-demoUITests" */;
			buildPhases = (
				0920DB32D06A9CF52E76737B /* [CP] Check Pods Manifest.lock */,
				BFE9771B2AA83069001A3883 /* Sources */,
				BFE9771C2AA83069001A3883 /* Frameworks */,
				BFE9771D2AA83069001A3883 /* Resources */,
			);
			buildRules = (
			);
			dependencies = (
				BFE977212AA83069001A3883 /* PBXTargetDependency */,
			);
			name = "GitHubSearch-reactorkit-demoUITests";
			productName = "GitHubSearch-reactorkit-demoUITests";
			productReference = BFE9771F2AA83069001A3883 /* GitHubSearch-reactorkit-demoUITests.xctest */;
			productType = "com.apple.product-type.bundle.ui-testing";
		};
/* End PBXNativeTarget section */

/* Begin PBXProject section */
		BFE976F72AA83067001A3883 /* Project object */ = {
			isa = PBXProject;
			attributes = {
				BuildIndependentTargetsInParallel = 1;
				LastSwiftUpdateCheck = 1500;
				LastUpgradeCheck = 1500;
				TargetAttributes = {
					BFE976FE2AA83067001A3883 = {
						CreatedOnToolsVersion = 15.0;
					};
					BFE977142AA83069001A3883 = {
						CreatedOnToolsVersion = 15.0;
						TestTargetID = BFE976FE2AA83067001A3883;
					};
					BFE9771E2AA83069001A3883 = {
						CreatedOnToolsVersion = 15.0;
						TestTargetID = BFE976FE2AA83067001A3883;
					};
				};
			};
			buildConfigurationList = BFE976FA2AA83067001A3883 /* Build configuration list for PBXProject "GitHubSearch-reactorkit-demo" */;
			compatibilityVersion = "Xcode 14.0";
			developmentRegion = en;
			hasScannedForEncodings = 0;
			knownRegions = (
				en,
				Base,
			);
			mainGroup = BFE976F62AA83067001A3883;
			productRefGroup = BFE977002AA83067001A3883 /* Products */;
			projectDirPath = "";
			projectRoot = "";
			targets = (
				BFE976FE2AA83067001A3883 /* GitHubSearch-reactorkit-demo */,
				BFE977142AA83069001A3883 /* GitHubSearch-reactorkit-demoTests */,
				BFE9771E2AA83069001A3883 /* GitHubSearch-reactorkit-demoUITests */,
			);
		};
/* End PBXProject section */

/* Begin PBXResourcesBuildPhase section */
		BFE976FD2AA83067001A3883 /* Resources */ = {
			isa = PBXResourcesBuildPhase;
			buildActionMask = 2147483647;
			files = (
				BFE9770F2AA83068001A3883 /* LaunchScreen.storyboard in Resources */,
				BFE9770C2AA83068001A3883 /* Assets.xcassets in Resources */,
				BFE9770A2AA83067001A3883 /* Main.storyboard in Resources */,
			);
			runOnlyForDeploymentPostprocessing = 0;
		};
		BFE977132AA83069001A3883 /* Resources */ = {
			isa = PBXResourcesBuildPhase;
			buildActionMask = 2147483647;
			files = (
			);
			runOnlyForDeploymentPostprocessing = 0;
		};
		BFE9771D2AA83069001A3883 /* Resources */ = {
			isa = PBXResourcesBuildPhase;
			buildActionMask = 2147483647;
			files = (
			);
			runOnlyForDeploymentPostprocessing = 0;
		};
/* End PBXResourcesBuildPhase section */

/* Begin PBXShellScriptBuildPhase section */
		0920DB32D06A9CF52E76737B /* [CP] Check Pods Manifest.lock */ = {
			isa = PBXShellScriptBuildPhase;
			buildActionMask = 2147483647;
			files = (
			);
			inputFileListPaths = (
			);
			inputPaths = (
				"${PODS_PODFILE_DIR_PATH}/Podfile.lock",
				"${PODS_ROOT}/Manifest.lock",
			);
			name = "[CP] Check Pods Manifest.lock";
			outputFileListPaths = (
			);
			outputPaths = (
				"$(DERIVED_FILE_DIR)/Pods-GitHubSearch-reactorkit-demo-GitHubSearch-reactorkit-demoUITests-checkManifestLockResult.txt",
			);
			runOnlyForDeploymentPostprocessing = 0;
			shellPath = /bin/sh;
			shellScript = "diff \"${PODS_PODFILE_DIR_PATH}/Podfile.lock\" \"${PODS_ROOT}/Manifest.lock\" > /dev/null\nif [ $? != 0 ] ; then\n    # print error to STDERR\n    echo \"error: The sandbox is not in sync with the Podfile.lock. Run 'pod install' or update your CocoaPods installation.\" >&2\n    exit 1\nfi\n# This output is used by Xcode 'outputs' to avoid re-running this script phase.\necho \"SUCCESS\" > \"${SCRIPT_OUTPUT_FILE_0}\"\n";
			showEnvVarsInLog = 0;
		};
		ECE67F194D1DC148D74E6EC9 /* [CP] Check Pods Manifest.lock */ = {
			isa = PBXShellScriptBuildPhase;
			buildActionMask = 2147483647;
			files = (
			);
			inputFileListPaths = (
			);
			inputPaths = (
				"${PODS_PODFILE_DIR_PATH}/Podfile.lock",
				"${PODS_ROOT}/Manifest.lock",
			);
			name = "[CP] Check Pods Manifest.lock";
			outputFileListPaths = (
			);
			outputPaths = (
				"$(DERIVED_FILE_DIR)/Pods-GitHubSearch-reactorkit-demo-checkManifestLockResult.txt",
			);
			runOnlyForDeploymentPostprocessing = 0;
			shellPath = /bin/sh;
			shellScript = "diff \"${PODS_PODFILE_DIR_PATH}/Podfile.lock\" \"${PODS_ROOT}/Manifest.lock\" > /dev/null\nif [ $? != 0 ] ; then\n    # print error to STDERR\n    echo \"error: The sandbox is not in sync with the Podfile.lock. Run 'pod install' or update your CocoaPods installation.\" >&2\n    exit 1\nfi\n# This output is used by Xcode 'outputs' to avoid re-running this script phase.\necho \"SUCCESS\" > \"${SCRIPT_OUTPUT_FILE_0}\"\n";
			showEnvVarsInLog = 0;
		};
		F7CB93CE2DFAA35802279F8C /* [CP] Check Pods Manifest.lock */ = {
			isa = PBXShellScriptBuildPhase;
			buildActionMask = 2147483647;
			files = (
			);
			inputFileListPaths = (
			);
			inputPaths = (
				"${PODS_PODFILE_DIR_PATH}/Podfile.lock",
				"${PODS_ROOT}/Manifest.lock",
			);
			name = "[CP] Check Pods Manifest.lock";
			outputFileListPaths = (
			);
			outputPaths = (
				"$(DERIVED_FILE_DIR)/Pods-GitHubSearch-reactorkit-demoTests-checkManifestLockResult.txt",
			);
			runOnlyForDeploymentPostprocessing = 0;
			shellPath = /bin/sh;
			shellScript = "diff \"${PODS_PODFILE_DIR_PATH}/Podfile.lock\" \"${PODS_ROOT}/Manifest.lock\" > /dev/null\nif [ $? != 0 ] ; then\n    # print error to STDERR\n    echo \"error: The sandbox is not in sync with the Podfile.lock. Run 'pod install' or update your CocoaPods installation.\" >&2\n    exit 1\nfi\n# This output is used by Xcode 'outputs' to avoid re-running this script phase.\necho \"SUCCESS\" > \"${SCRIPT_OUTPUT_FILE_0}\"\n";
			showEnvVarsInLog = 0;
		};
/* End PBXShellScriptBuildPhase section */

/* Begin PBXSourcesBuildPhase section */
		BFE976FB2AA83067001A3883 /* Sources */ = {
			isa = PBXSourcesBuildPhase;
			buildActionMask = 2147483647;
			files = (
				BFE977072AA83067001A3883 /* ViewController.swift in Sources */,
				BFE977032AA83067001A3883 /* AppDelegate.swift in Sources */,
				BFE977052AA83067001A3883 /* SceneDelegate.swift in Sources */,
			);
			runOnlyForDeploymentPostprocessing = 0;
		};
		BFE977112AA83069001A3883 /* Sources */ = {
			isa = PBXSourcesBuildPhase;
			buildActionMask = 2147483647;
			files = (
				BFE9771A2AA83069001A3883 /* GitHubSearch_reactorkit_demoTests.swift in Sources */,
			);
			runOnlyForDeploymentPostprocessing = 0;
		};
		BFE9771B2AA83069001A3883 /* Sources */ = {
			isa = PBXSourcesBuildPhase;
			buildActionMask = 2147483647;
			files = (
				BFE977262AA83069001A3883 /* GitHubSearch_reactorkit_demoUITestsLaunchTests.swift in Sources */,
				BFE977242AA83069001A3883 /* GitHubSearch_reactorkit_demoUITests.swift in Sources */,
			);
			runOnlyForDeploymentPostprocessing = 0;
		};
/* End PBXSourcesBuildPhase section */

/* Begin PBXTargetDependency section */
		BFE977172AA83069001A3883 /* PBXTargetDependency */ = {
			isa = PBXTargetDependency;
			target = BFE976FE2AA83067001A3883 /* GitHubSearch-reactorkit-demo */;
			targetProxy = BFE977162AA83069001A3883 /* PBXContainerItemProxy */;
		};
		BFE977212AA83069001A3883 /* PBXTargetDependency */ = {
			isa = PBXTargetDependency;
			target = BFE976FE2AA83067001A3883 /* GitHubSearch-reactorkit-demo */;
			targetProxy = BFE977202AA83069001A3883 /* PBXContainerItemProxy */;
		};
/* End PBXTargetDependency section */

/* Begin PBXVariantGroup section */
		BFE977082AA83067001A3883 /* Main.storyboard */ = {
			isa = PBXVariantGroup;
			children = (
				BFE977092AA83067001A3883 /* Base */,
			);
			name = Main.storyboard;
			sourceTree = "<group>";
		};
		BFE9770D2AA83068001A3883 /* LaunchScreen.storyboard */ = {
			isa = PBXVariantGroup;
			children = (
				BFE9770E2AA83068001A3883 /* Base */,
			);
			name = LaunchScreen.storyboard;
			sourceTree = "<group>";
		};
/* End PBXVariantGroup section */

/* Begin XCBuildConfiguration section */
		BFE977272AA83069001A3883 /* Debug */ = {
			isa = XCBuildConfiguration;
			buildSettings = {
				ALWAYS_SEARCH_USER_PATHS = NO;
				ASSETCATALOG_COMPILER_GENERATE_SWIFT_ASSET_SYMBOL_EXTENSIONS = YES;
				CLANG_ANALYZER_NONNULL = YES;
				CLANG_ANALYZER_NUMBER_OBJECT_CONVERSION = YES_AGGRESSIVE;
				CLANG_CXX_LANGUAGE_STANDARD = "gnu++20";
				CLANG_ENABLE_MODULES = YES;
				CLANG_ENABLE_OBJC_ARC = YES;
				CLANG_ENABLE_OBJC_WEAK = YES;
				CLANG_WARN_BLOCK_CAPTURE_AUTORELEASING = YES;
				CLANG_WARN_BOOL_CONVERSION = YES;
				CLANG_WARN_COMMA = YES;
				CLANG_WARN_CONSTANT_CONVERSION = YES;
				CLANG_WARN_DEPRECATED_OBJC_IMPLEMENTATIONS = YES;
				CLANG_WARN_DIRECT_OBJC_ISA_USAGE = YES_ERROR;
				CLANG_WARN_DOCUMENTATION_COMMENTS = YES;
				CLANG_WARN_EMPTY_BODY = YES;
				CLANG_WARN_ENUM_CONVERSION = YES;
				CLANG_WARN_INFINITE_RECURSION = YES;
				CLANG_WARN_INT_CONVERSION = YES;
				CLANG_WARN_NON_LITERAL_NULL_CONVERSION = YES;
				CLANG_WARN_OBJC_IMPLICIT_RETAIN_SELF = YES;
				CLANG_WARN_OBJC_LITERAL_CONVERSION = YES;
				CLANG_WARN_OBJC_ROOT_CLASS = YES_ERROR;
				CLANG_WARN_QUOTED_INCLUDE_IN_FRAMEWORK_HEADER = YES;
				CLANG_WARN_RANGE_LOOP_ANALYSIS = YES;
				CLANG_WARN_STRICT_PROTOTYPES = YES;
				CLANG_WARN_SUSPICIOUS_MOVE = YES;
				CLANG_WARN_UNGUARDED_AVAILABILITY = YES_AGGRESSIVE;
				CLANG_WARN_UNREACHABLE_CODE = YES;
				CLANG_WARN__DUPLICATE_METHOD_MATCH = YES;
				COPY_PHASE_STRIP = NO;
				DEBUG_INFORMATION_FORMAT = dwarf;
				ENABLE_STRICT_OBJC_MSGSEND = YES;
				ENABLE_TESTABILITY = YES;
				ENABLE_USER_SCRIPT_SANDBOXING = YES;
				GCC_C_LANGUAGE_STANDARD = gnu17;
				GCC_DYNAMIC_NO_PIC = NO;
				GCC_NO_COMMON_BLOCKS = YES;
				GCC_OPTIMIZATION_LEVEL = 0;
				GCC_PREPROCESSOR_DEFINITIONS = (
					"DEBUG=1",
					"$(inherited)",
				);
				GCC_WARN_64_TO_32_BIT_CONVERSION = YES;
				GCC_WARN_ABOUT_RETURN_TYPE = YES_ERROR;
				GCC_WARN_UNDECLARED_SELECTOR = YES;
				GCC_WARN_UNINITIALIZED_AUTOS = YES_AGGRESSIVE;
				GCC_WARN_UNUSED_FUNCTION = YES;
				GCC_WARN_UNUSED_VARIABLE = YES;
				IPHONEOS_DEPLOYMENT_TARGET = 13.0;
				LOCALIZATION_PREFERS_STRING_CATALOGS = YES;
				MTL_ENABLE_DEBUG_INFO = INCLUDE_SOURCE;
				MTL_FAST_MATH = YES;
				ONLY_ACTIVE_ARCH = YES;
				SDKROOT = iphoneos;
				SWIFT_ACTIVE_COMPILATION_CONDITIONS = "DEBUG $(inherited)";
				SWIFT_OPTIMIZATION_LEVEL = "-Onone";
			};
			name = Debug;
		};
		BFE977282AA83069001A3883 /* Release */ = {
			isa = XCBuildConfiguration;
			buildSettings = {
				ALWAYS_SEARCH_USER_PATHS = NO;
				ASSETCATALOG_COMPILER_GENERATE_SWIFT_ASSET_SYMBOL_EXTENSIONS = YES;
				CLANG_ANALYZER_NONNULL = YES;
				CLANG_ANALYZER_NUMBER_OBJECT_CONVERSION = YES_AGGRESSIVE;
				CLANG_CXX_LANGUAGE_STANDARD = "gnu++20";
				CLANG_ENABLE_MODULES = YES;
				CLANG_ENABLE_OBJC_ARC = YES;
				CLANG_ENABLE_OBJC_WEAK = YES;
				CLANG_WARN_BLOCK_CAPTURE_AUTORELEASING = YES;
				CLANG_WARN_BOOL_CONVERSION = YES;
				CLANG_WARN_COMMA = YES;
				CLANG_WARN_CONSTANT_CONVERSION = YES;
				CLANG_WARN_DEPRECATED_OBJC_IMPLEMENTATIONS = YES;
				CLANG_WARN_DIRECT_OBJC_ISA_USAGE = YES_ERROR;
				CLANG_WARN_DOCUMENTATION_COMMENTS = YES;
				CLANG_WARN_EMPTY_BODY = YES;
				CLANG_WARN_ENUM_CONVERSION = YES;
				CLANG_WARN_INFINITE_RECURSION = YES;
				CLANG_WARN_INT_CONVERSION = YES;
				CLANG_WARN_NON_LITERAL_NULL_CONVERSION = YES;
				CLANG_WARN_OBJC_IMPLICIT_RETAIN_SELF = YES;
				CLANG_WARN_OBJC_LITERAL_CONVERSION = YES;
				CLANG_WARN_OBJC_ROOT_CLASS = YES_ERROR;
				CLANG_WARN_QUOTED_INCLUDE_IN_FRAMEWORK_HEADER = YES;
				CLANG_WARN_RANGE_LOOP_ANALYSIS = YES;
				CLANG_WARN_STRICT_PROTOTYPES = YES;
				CLANG_WARN_SUSPICIOUS_MOVE = YES;
				CLANG_WARN_UNGUARDED_AVAILABILITY = YES_AGGRESSIVE;
				CLANG_WARN_UNREACHABLE_CODE = YES;
				CLANG_WARN__DUPLICATE_METHOD_MATCH = YES;
				COPY_PHASE_STRIP = NO;
				DEBUG_INFORMATION_FORMAT = "dwarf-with-dsym";
				ENABLE_NS_ASSERTIONS = NO;
				ENABLE_STRICT_OBJC_MSGSEND = YES;
				ENABLE_USER_SCRIPT_SANDBOXING = YES;
				GCC_C_LANGUAGE_STANDARD = gnu17;
				GCC_NO_COMMON_BLOCKS = YES;
				GCC_WARN_64_TO_32_BIT_CONVERSION = YES;
				GCC_WARN_ABOUT_RETURN_TYPE = YES_ERROR;
				GCC_WARN_UNDECLARED_SELECTOR = YES;
				GCC_WARN_UNINITIALIZED_AUTOS = YES_AGGRESSIVE;
				GCC_WARN_UNUSED_FUNCTION = YES;
				GCC_WARN_UNUSED_VARIABLE = YES;
				IPHONEOS_DEPLOYMENT_TARGET = 13.0;
				LOCALIZATION_PREFERS_STRING_CATALOGS = YES;
				MTL_ENABLE_DEBUG_INFO = NO;
				MTL_FAST_MATH = YES;
				SDKROOT = iphoneos;
				SWIFT_COMPILATION_MODE = wholemodule;
				VALIDATE_PRODUCT = YES;
			};
			name = Release;
		};
		BFE9772A2AA83069001A3883 /* Debug */ = {
			isa = XCBuildConfiguration;
			baseConfigurationReference = E61464CE866D0E622C83FC1C /* Pods-GitHubSearch-reactorkit-demo.debug.xcconfig */;
			buildSettings = {
				ASSETCATALOG_COMPILER_APPICON_NAME = AppIcon;
				ASSETCATALOG_COMPILER_GLOBAL_ACCENT_COLOR_NAME = AccentColor;
				CODE_SIGN_STYLE = Automatic;
				CURRENT_PROJECT_VERSION = 1;
				DEVELOPMENT_TEAM = G99VW8TP32;
				GENERATE_INFOPLIST_FILE = YES;
				INFOPLIST_FILE = "GitHubSearch-reactorkit-demo/Info.plist";
				INFOPLIST_KEY_UIApplicationSupportsIndirectInputEvents = YES;
				INFOPLIST_KEY_UILaunchStoryboardName = LaunchScreen;
				INFOPLIST_KEY_UIMainStoryboardFile = Main;
				INFOPLIST_KEY_UISupportedInterfaceOrientations = UIInterfaceOrientationPortrait;
				INFOPLIST_KEY_UISupportedInterfaceOrientations_iPad = "UIInterfaceOrientationPortrait UIInterfaceOrientationPortraitUpsideDown";
				IPHONEOS_DEPLOYMENT_TARGET = 13.0;
				LD_RUNPATH_SEARCH_PATHS = (
					"$(inherited)",
					"@executable_path/Frameworks",
				);
				MARKETING_VERSION = 1.0;
				PRODUCT_BUNDLE_IDENTIFIER = "com.9oya.GitHubSearch-reactorkit-demo";
				PRODUCT_NAME = "$(TARGET_NAME)";
				SWIFT_EMIT_LOC_STRINGS = YES;
				SWIFT_VERSION = 5.0;
				TARGETED_DEVICE_FAMILY = "1,2";
			};
			name = Debug;
		};
		BFE9772B2AA83069001A3883 /* Release */ = {
			isa = XCBuildConfiguration;
			baseConfigurationReference = 1BB9BA5D23507DDE1CC6A977 /* Pods-GitHubSearch-reactorkit-demo.release.xcconfig */;
			buildSettings = {
				ASSETCATALOG_COMPILER_APPICON_NAME = AppIcon;
				ASSETCATALOG_COMPILER_GLOBAL_ACCENT_COLOR_NAME = AccentColor;
				CODE_SIGN_STYLE = Automatic;
				CURRENT_PROJECT_VERSION = 1;
				DEVELOPMENT_TEAM = G99VW8TP32;
				GENERATE_INFOPLIST_FILE = YES;
				INFOPLIST_FILE = "GitHubSearch-reactorkit-demo/Info.plist";
				INFOPLIST_KEY_UIApplicationSupportsIndirectInputEvents = YES;
				INFOPLIST_KEY_UILaunchStoryboardName = LaunchScreen;
				INFOPLIST_KEY_UIMainStoryboardFile = Main;
				INFOPLIST_KEY_UISupportedInterfaceOrientations = UIInterfaceOrientationPortrait;
				INFOPLIST_KEY_UISupportedInterfaceOrientations_iPad = "UIInterfaceOrientationPortrait UIInterfaceOrientationPortraitUpsideDown";
				IPHONEOS_DEPLOYMENT_TARGET = 13.0;
				LD_RUNPATH_SEARCH_PATHS = (
					"$(inherited)",
					"@executable_path/Frameworks",
				);
				MARKETING_VERSION = 1.0;
				PRODUCT_BUNDLE_IDENTIFIER = "com.9oya.GitHubSearch-reactorkit-demo";
				PRODUCT_NAME = "$(TARGET_NAME)";
				SWIFT_EMIT_LOC_STRINGS = YES;
				SWIFT_VERSION = 5.0;
				TARGETED_DEVICE_FAMILY = "1,2";
			};
			name = Release;
		};
		BFE9772D2AA83069001A3883 /* Debug */ = {
			isa = XCBuildConfiguration;
			baseConfigurationReference = C27DABBB7044F52CA6CC819E /* Pods-GitHubSearch-reactorkit-demoTests.debug.xcconfig */;
			buildSettings = {
				ALWAYS_EMBED_SWIFT_STANDARD_LIBRARIES = YES;
				BUNDLE_LOADER = "$(TEST_HOST)";
				CODE_SIGN_STYLE = Automatic;
				CURRENT_PROJECT_VERSION = 1;
				DEVELOPMENT_TEAM = G99VW8TP32;
				GENERATE_INFOPLIST_FILE = YES;
				IPHONEOS_DEPLOYMENT_TARGET = 13.0;
				MARKETING_VERSION = 1.0;
				PRODUCT_BUNDLE_IDENTIFIER = "com.9oya.GitHubSearch-reactorkit-demoTests";
				PRODUCT_NAME = "$(TARGET_NAME)";
				SWIFT_EMIT_LOC_STRINGS = NO;
				SWIFT_VERSION = 5.0;
				TARGETED_DEVICE_FAMILY = "1,2";
				TEST_HOST = "$(BUILT_PRODUCTS_DIR)/GitHubSearch-reactorkit-demo.app/$(BUNDLE_EXECUTABLE_FOLDER_PATH)/GitHubSearch-reactorkit-demo";
			};
			name = Debug;
		};
		BFE9772E2AA83069001A3883 /* Release */ = {
			isa = XCBuildConfiguration;
			baseConfigurationReference = 683807C9C18BACEE4335AADB /* Pods-GitHubSearch-reactorkit-demoTests.release.xcconfig */;
			buildSettings = {
				ALWAYS_EMBED_SWIFT_STANDARD_LIBRARIES = YES;
				BUNDLE_LOADER = "$(TEST_HOST)";
				CODE_SIGN_STYLE = Automatic;
				CURRENT_PROJECT_VERSION = 1;
				DEVELOPMENT_TEAM = G99VW8TP32;
				GENERATE_INFOPLIST_FILE = YES;
				IPHONEOS_DEPLOYMENT_TARGET = 13.0;
				MARKETING_VERSION = 1.0;
				PRODUCT_BUNDLE_IDENTIFIER = "com.9oya.GitHubSearch-reactorkit-demoTests";
				PRODUCT_NAME = "$(TARGET_NAME)";
				SWIFT_EMIT_LOC_STRINGS = NO;
				SWIFT_VERSION = 5.0;
				TARGETED_DEVICE_FAMILY = "1,2";
				TEST_HOST = "$(BUILT_PRODUCTS_DIR)/GitHubSearch-reactorkit-demo.app/$(BUNDLE_EXECUTABLE_FOLDER_PATH)/GitHubSearch-reactorkit-demo";
			};
			name = Release;
		};
		BFE977302AA83069001A3883 /* Debug */ = {
			isa = XCBuildConfiguration;
			baseConfigurationReference = 69FFE3A030DD8522A0AA172E /* Pods-GitHubSearch-reactorkit-demo-GitHubSearch-reactorkit-demoUITests.debug.xcconfig */;
			buildSettings = {
				ALWAYS_EMBED_SWIFT_STANDARD_LIBRARIES = YES;
				CODE_SIGN_STYLE = Automatic;
				CURRENT_PROJECT_VERSION = 1;
				DEVELOPMENT_TEAM = G99VW8TP32;
				GENERATE_INFOPLIST_FILE = YES;
				MARKETING_VERSION = 1.0;
				PRODUCT_BUNDLE_IDENTIFIER = "com.9oya.GitHubSearch-reactorkit-demoUITests";
				PRODUCT_NAME = "$(TARGET_NAME)";
				SWIFT_EMIT_LOC_STRINGS = NO;
				SWIFT_VERSION = 5.0;
				TARGETED_DEVICE_FAMILY = "1,2";
				TEST_TARGET_NAME = "GitHubSearch-reactorkit-demo";
			};
			name = Debug;
		};
		BFE977312AA83069001A3883 /* Release */ = {
			isa = XCBuildConfiguration;
			baseConfigurationReference = 17401B26C90A900A33AA5A25 /* Pods-GitHubSearch-reactorkit-demo-GitHubSearch-reactorkit-demoUITests.release.xcconfig */;
			buildSettings = {
				ALWAYS_EMBED_SWIFT_STANDARD_LIBRARIES = YES;
				CODE_SIGN_STYLE = Automatic;
				CURRENT_PROJECT_VERSION = 1;
				DEVELOPMENT_TEAM = G99VW8TP32;
				GENERATE_INFOPLIST_FILE = YES;
				MARKETING_VERSION = 1.0;
				PRODUCT_BUNDLE_IDENTIFIER = "com.9oya.GitHubSearch-reactorkit-demoUITests";
				PRODUCT_NAME = "$(TARGET_NAME)";
				SWIFT_EMIT_LOC_STRINGS = NO;
				SWIFT_VERSION = 5.0;
				TARGETED_DEVICE_FAMILY = "1,2";
				TEST_TARGET_NAME = "GitHubSearch-reactorkit-demo";
			};
			name = Release;
		};
/* End XCBuildConfiguration section */

/* Begin XCConfigurationList section */
		BFE976FA2AA83067001A3883 /* Build configuration list for PBXProject "GitHubSearch-reactorkit-demo" */ = {
			isa = XCConfigurationList;
			buildConfigurations = (
				BFE977272AA83069001A3883 /* Debug */,
				BFE977282AA83069001A3883 /* Release */,
			);
			defaultConfigurationIsVisible = 0;
			defaultConfigurationName = Release;
		};
		BFE977292AA83069001A3883 /* Build configuration list for PBXNativeTarget "GitHubSearch-reactorkit-demo" */ = {
			isa = XCConfigurationList;
			buildConfigurations = (
				BFE9772A2AA83069001A3883 /* Debug */,
				BFE9772B2AA83069001A3883 /* Release */,
			);
			defaultConfigurationIsVisible = 0;
			defaultConfigurationName = Release;
		};
		BFE9772C2AA83069001A3883 /* Build configuration list for PBXNativeTarget "GitHubSearch-reactorkit-demoTests" */ = {
			isa = XCConfigurationList;
			buildConfigurations = (
				BFE9772D2AA83069001A3883 /* Debug */,
				BFE9772E2AA83069001A3883 /* Release */,
			);
			defaultConfigurationIsVisible = 0;
			defaultConfigurationName = Release;
		};
		BFE9772F2AA83069001A3883 /* Build configuration list for PBXNativeTarget "GitHubSearch-reactorkit-demoUITests" */ = {
			isa = XCConfigurationList;
			buildConfigurations = (
				BFE977302AA83069001A3883 /* Debug */,
				BFE977312AA83069001A3883 /* Release */,
			);
			defaultConfigurationIsVisible = 0;
			defaultConfigurationName = Release;
		};
/* End XCConfigurationList section */
	};
	rootObject = BFE976F72AA83067001A3883 /* Project object */;
}
